// !$*UTF8*$!
{
	archiveVersion = 1;
	classes = {
	};
	objectVersion = 50;
	objects = {

/* Begin PBXBuildFile section */
		A83B553520D946E50018CA34 /* AppDelegate.swift in Sources */ = {isa = PBXBuildFile; fileRef = A83B553420D946E50018CA34 /* AppDelegate.swift */; };
		A83B553720D946E50018CA34 /* art.scnassets in Resources */ = {isa = PBXBuildFile; fileRef = A83B553620D946E50018CA34 /* art.scnassets */; };
		A83B553920D946E50018CA34 /* ARKitViewController.swift in Sources */ = {isa = PBXBuildFile; fileRef = A83B553820D946E50018CA34 /* ARKitViewController.swift */; };
		A83B553C20D946E50018CA34 /* Main.storyboard in Resources */ = {isa = PBXBuildFile; fileRef = A83B553A20D946E50018CA34 /* Main.storyboard */; };
		A83B553E20D946E60018CA34 /* Assets.xcassets in Resources */ = {isa = PBXBuildFile; fileRef = A83B553D20D946E60018CA34 /* Assets.xcassets */; };
		A83B554120D946E60018CA34 /* LaunchScreen.storyboard in Resources */ = {isa = PBXBuildFile; fileRef = A83B553F20D946E60018CA34 /* LaunchScreen.storyboard */; };
		A83E671820DA9D2B00A2CC69 /* CoreLocation.framework in Frameworks */ = {isa = PBXBuildFile; fileRef = A83E671720DA9D2B00A2CC69 /* CoreLocation.framework */; };
		A83E671C20DAB94200A2CC69 /* ARCLViewController.swift in Sources */ = {isa = PBXBuildFile; fileRef = A83E671B20DAB94200A2CC69 /* ARCLViewController.swift */; };
		A83E671E20DAC6A400A2CC69 /* PointOfInterest.swift in Sources */ = {isa = PBXBuildFile; fileRef = A83E671D20DAC6A400A2CC69 /* PointOfInterest.swift */; };
		FB6BFB4EA5F72A9083CF6ACC /* Pods_ARPOI.framework in Frameworks */ = {isa = PBXBuildFile; fileRef = BBB6DBFB2A4B9336426609A8 /* Pods_ARPOI.framework */; };
/* End PBXBuildFile section */

/* Begin PBXFileReference section */
		13EDFB7546654F3E7809C41B /* Pods-ARPOI.release.xcconfig */ = {isa = PBXFileReference; includeInIndex = 1; lastKnownFileType = text.xcconfig; name = "Pods-ARPOI.release.xcconfig"; path = "Pods/Target Support Files/Pods-ARPOI/Pods-ARPOI.release.xcconfig"; sourceTree = "<group>"; };
		1A5D288FC933ED10BDFA6A5B /* Pods-ARPOI.debug.xcconfig */ = {isa = PBXFileReference; includeInIndex = 1; lastKnownFileType = text.xcconfig; name = "Pods-ARPOI.debug.xcconfig"; path = "Pods/Target Support Files/Pods-ARPOI/Pods-ARPOI.debug.xcconfig"; sourceTree = "<group>"; };
		A83B553120D946E50018CA34 /* ARPOI.app */ = {isa = PBXFileReference; explicitFileType = wrapper.application; includeInIndex = 0; path = ARPOI.app; sourceTree = BUILT_PRODUCTS_DIR; };
		A83B553420D946E50018CA34 /* AppDelegate.swift */ = {isa = PBXFileReference; lastKnownFileType = sourcecode.swift; path = AppDelegate.swift; sourceTree = "<group>"; };
		A83B553620D946E50018CA34 /* art.scnassets */ = {isa = PBXFileReference; lastKnownFileType = wrapper.scnassets; path = art.scnassets; sourceTree = "<group>"; };
		A83B553820D946E50018CA34 /* ARKitViewController.swift */ = {isa = PBXFileReference; lastKnownFileType = sourcecode.swift; path = ARKitViewController.swift; sourceTree = "<group>"; };
		A83B553B20D946E50018CA34 /* Base */ = {isa = PBXFileReference; lastKnownFileType = file.storyboard; name = Base; path = Base.lproj/Main.storyboard; sourceTree = "<group>"; };
		A83B553D20D946E60018CA34 /* Assets.xcassets */ = {isa = PBXFileReference; lastKnownFileType = folder.assetcatalog; path = Assets.xcassets; sourceTree = "<group>"; };
		A83B554020D946E60018CA34 /* Base */ = {isa = PBXFileReference; lastKnownFileType = file.storyboard; name = Base; path = Base.lproj/LaunchScreen.storyboard; sourceTree = "<group>"; };
		A83B554220D946E60018CA34 /* Info.plist */ = {isa = PBXFileReference; lastKnownFileType = text.plist.xml; path = Info.plist; sourceTree = "<group>"; };
		A83E671520DA9D1F00A2CC69 /* HDAugmentedReality.framework */ = {isa = PBXFileReference; explicitFileType = wrapper.framework; path = HDAugmentedReality.framework; sourceTree = BUILT_PRODUCTS_DIR; };
		A83E671720DA9D2B00A2CC69 /* CoreLocation.framework */ = {isa = PBXFileReference; lastKnownFileType = wrapper.framework; name = CoreLocation.framework; path = System/Library/Frameworks/CoreLocation.framework; sourceTree = SDKROOT; };
		A83E671920DAB5D000A2CC69 /* ARCL.framework */ = {isa = PBXFileReference; explicitFileType = wrapper.framework; path = ARCL.framework; sourceTree = BUILT_PRODUCTS_DIR; };
		A83E671B20DAB94200A2CC69 /* ARCLViewController.swift */ = {isa = PBXFileReference; lastKnownFileType = sourcecode.swift; path = ARCLViewController.swift; sourceTree = "<group>"; };
		A83E671D20DAC6A400A2CC69 /* PointOfInterest.swift */ = {isa = PBXFileReference; lastKnownFileType = sourcecode.swift; path = PointOfInterest.swift; sourceTree = "<group>"; };
		BBB6DBFB2A4B9336426609A8 /* Pods_ARPOI.framework */ = {isa = PBXFileReference; explicitFileType = wrapper.framework; includeInIndex = 0; path = Pods_ARPOI.framework; sourceTree = BUILT_PRODUCTS_DIR; };
/* End PBXFileReference section */

/* Begin PBXFrameworksBuildPhase section */
		A83B552E20D946E50018CA34 /* Frameworks */ = {
			isa = PBXFrameworksBuildPhase;
			buildActionMask = 2147483647;
			files = (
				A83E671820DA9D2B00A2CC69 /* CoreLocation.framework in Frameworks */,
				FB6BFB4EA5F72A9083CF6ACC /* Pods_ARPOI.framework in Frameworks */,
			);
			runOnlyForDeploymentPostprocessing = 0;
		};
/* End PBXFrameworksBuildPhase section */

/* Begin PBXGroup section */
		6F0E5E3F87B170470584398B /* Pods */ = {
			isa = PBXGroup;
			children = (
				1A5D288FC933ED10BDFA6A5B /* Pods-ARPOI.debug.xcconfig */,
				13EDFB7546654F3E7809C41B /* Pods-ARPOI.release.xcconfig */,
			);
			name = Pods;
			sourceTree = "<group>";
		};
		A83B552820D946E50018CA34 = {
			isa = PBXGroup;
			children = (
				A83B553320D946E50018CA34 /* ARPOI */,
				A83B553220D946E50018CA34 /* Products */,
				A83E671420DA9D1F00A2CC69 /* Frameworks */,
				6F0E5E3F87B170470584398B /* Pods */,
			);
			sourceTree = "<group>";
		};
		A83B553220D946E50018CA34 /* Products */ = {
			isa = PBXGroup;
			children = (
				A83B553120D946E50018CA34 /* ARPOI.app */,
			);
			name = Products;
			sourceTree = "<group>";
		};
		A83B553320D946E50018CA34 /* ARPOI */ = {
			isa = PBXGroup;
			children = (
				A83B553420D946E50018CA34 /* AppDelegate.swift */,
				A83B553620D946E50018CA34 /* art.scnassets */,
				A83B553820D946E50018CA34 /* ARKitViewController.swift */,
				A83E671B20DAB94200A2CC69 /* ARCLViewController.swift */,
				A83E671D20DAC6A400A2CC69 /* PointOfInterest.swift */,
				A83B553A20D946E50018CA34 /* Main.storyboard */,
				A83B553D20D946E60018CA34 /* Assets.xcassets */,
				A83B553F20D946E60018CA34 /* LaunchScreen.storyboard */,
				A83B554220D946E60018CA34 /* Info.plist */,
			);
			path = ARPOI;
			sourceTree = "<group>";
		};
		A83E671420DA9D1F00A2CC69 /* Frameworks */ = {
			isa = PBXGroup;
			children = (
				A83E671920DAB5D000A2CC69 /* ARCL.framework */,
				A83E671720DA9D2B00A2CC69 /* CoreLocation.framework */,
				A83E671520DA9D1F00A2CC69 /* HDAugmentedReality.framework */,
				BBB6DBFB2A4B9336426609A8 /* Pods_ARPOI.framework */,
			);
			name = Frameworks;
			sourceTree = "<group>";
		};
/* End PBXGroup section */

/* Begin PBXNativeTarget section */
		A83B553020D946E50018CA34 /* ARPOI */ = {
			isa = PBXNativeTarget;
			buildConfigurationList = A83B554520D946E60018CA34 /* Build configuration list for PBXNativeTarget "ARPOI" */;
			buildPhases = (
				AEC0591132B9EDD67E3B30C1 /* [CP] Check Pods Manifest.lock */,
				A83B552D20D946E50018CA34 /* Sources */,
				A83B552E20D946E50018CA34 /* Frameworks */,
				A83B552F20D946E50018CA34 /* Resources */,
				F7BC7B0EA1C6E4E600F3BF14 /* [CP] Embed Pods Frameworks */,
			);
			buildRules = (
			);
			dependencies = (
			);
			name = ARPOI;
			productName = ARCapitals;
			productReference = A83B553120D946E50018CA34 /* ARPOI.app */;
			productType = "com.apple.product-type.application";
		};
/* End PBXNativeTarget section */

/* Begin PBXProject section */
		A83B552920D946E50018CA34 /* Project object */ = {
			isa = PBXProject;
			attributes = {
				LastSwiftUpdateCheck = 1000;
				LastUpgradeCheck = 1000;
				ORGANIZATIONNAME = Deemaze;
				TargetAttributes = {
					A83B553020D946E50018CA34 = {
						CreatedOnToolsVersion = 10.0;
					};
				};
			};
			buildConfigurationList = A83B552C20D946E50018CA34 /* Build configuration list for PBXProject "ARPOI" */;
			compatibilityVersion = "Xcode 9.3";
			developmentRegion = en;
			hasScannedForEncodings = 0;
			knownRegions = (
				en,
				Base,
			);
			mainGroup = A83B552820D946E50018CA34;
			productRefGroup = A83B553220D946E50018CA34 /* Products */;
			projectDirPath = "";
			projectRoot = "";
			targets = (
				A83B553020D946E50018CA34 /* ARPOI */,
			);
		};
/* End PBXProject section */

/* Begin PBXResourcesBuildPhase section */
		A83B552F20D946E50018CA34 /* Resources */ = {
			isa = PBXResourcesBuildPhase;
			buildActionMask = 2147483647;
			files = (
				A83B553720D946E50018CA34 /* art.scnassets in Resources */,
				A83B554120D946E60018CA34 /* LaunchScreen.storyboard in Resources */,
				A83B553E20D946E60018CA34 /* Assets.xcassets in Resources */,
				A83B553C20D946E50018CA34 /* Main.storyboard in Resources */,
			);
			runOnlyForDeploymentPostprocessing = 0;
		};
/* End PBXResourcesBuildPhase section */

/* Begin PBXShellScriptBuildPhase section */
		AEC0591132B9EDD67E3B30C1 /* [CP] Check Pods Manifest.lock */ = {
			isa = PBXShellScriptBuildPhase;
			buildActionMask = 2147483647;
			files = (
			);
			inputPaths = (
				"${PODS_PODFILE_DIR_PATH}/Podfile.lock",
				"${PODS_ROOT}/Manifest.lock",
			);
			name = "[CP] Check Pods Manifest.lock";
			outputPaths = (
				"$(DERIVED_FILE_DIR)/Pods-ARPOI-checkManifestLockResult.txt",
			);
			runOnlyForDeploymentPostprocessing = 0;
			shellPath = /bin/sh;
			shellScript = "diff \"${PODS_PODFILE_DIR_PATH}/Podfile.lock\" \"${PODS_ROOT}/Manifest.lock\" > /dev/null\nif [ $? != 0 ] ; then\n    # print error to STDERR\n    echo \"error: The sandbox is not in sync with the Podfile.lock. Run 'pod install' or update your CocoaPods installation.\" >&2\n    exit 1\nfi\n# This output is used by Xcode 'outputs' to avoid re-running this script phase.\necho \"SUCCESS\" > \"${SCRIPT_OUTPUT_FILE_0}\"\n";
			showEnvVarsInLog = 0;
		};
		F7BC7B0EA1C6E4E600F3BF14 /* [CP] Embed Pods Frameworks */ = {
			isa = PBXShellScriptBuildPhase;
			buildActionMask = 2147483647;
			files = (
			);
			inputPaths = (
				"${SRCROOT}/Pods/Target Support Files/Pods-ARPOI/Pods-ARPOI-frameworks.sh",
				"${BUILT_PRODUCTS_DIR}/ARCL/ARCL.framework",
			);
			name = "[CP] Embed Pods Frameworks";
			outputPaths = (
				"${TARGET_BUILD_DIR}/${FRAMEWORKS_FOLDER_PATH}/ARCL.framework",
			);
			runOnlyForDeploymentPostprocessing = 0;
			shellPath = /bin/sh;
			shellScript = "\"${SRCROOT}/Pods/Target Support Files/Pods-ARPOI/Pods-ARPOI-frameworks.sh\"\n";
			showEnvVarsInLog = 0;
		};
/* End PBXShellScriptBuildPhase section */

/* Begin PBXSourcesBuildPhase section */
		A83B552D20D946E50018CA34 /* Sources */ = {
			isa = PBXSourcesBuildPhase;
			buildActionMask = 2147483647;
			files = (
				A83E671C20DAB94200A2CC69 /* ARCLViewController.swift in Sources */,
				A83E671E20DAC6A400A2CC69 /* PointOfInterest.swift in Sources */,
				A83B553920D946E50018CA34 /* ARKitViewController.swift in Sources */,
				A83B553520D946E50018CA34 /* AppDelegate.swift in Sources */,
			);
			runOnlyForDeploymentPostprocessing = 0;
		};
/* End PBXSourcesBuildPhase section */

/* Begin PBXVariantGroup section */
		A83B553A20D946E50018CA34 /* Main.storyboard */ = {
			isa = PBXVariantGroup;
			children = (
				A83B553B20D946E50018CA34 /* Base */,
			);
			name = Main.storyboard;
			sourceTree = "<group>";
		};
		A83B553F20D946E60018CA34 /* LaunchScreen.storyboard */ = {
			isa = PBXVariantGroup;
			children = (
				A83B554020D946E60018CA34 /* Base */,
			);
			name = LaunchScreen.storyboard;
			sourceTree = "<group>";
		};
/* End PBXVariantGroup section */

/* Begin XCBuildConfiguration section */
		A83B554320D946E60018CA34 /* Debug */ = {
			isa = XCBuildConfiguration;
			buildSettings = {
				ALWAYS_SEARCH_USER_PATHS = NO;
				CLANG_ANALYZER_NONNULL = YES;
				CLANG_ANALYZER_NUMBER_OBJECT_CONVERSION = YES_AGGRESSIVE;
				CLANG_CXX_LANGUAGE_STANDARD = "gnu++14";
				CLANG_CXX_LIBRARY = "libc++";
				CLANG_ENABLE_MODULES = YES;
				CLANG_ENABLE_OBJC_ARC = YES;
				CLANG_ENABLE_OBJC_WEAK = YES;
				CLANG_WARN_BLOCK_CAPTURE_AUTORELEASING = YES;
				CLANG_WARN_BOOL_CONVERSION = YES;
				CLANG_WARN_COMMA = YES;
				CLANG_WARN_CONSTANT_CONVERSION = YES;
				CLANG_WARN_DEPRECATED_OBJC_IMPLEMENTATIONS = YES;
				CLANG_WARN_DIRECT_OBJC_ISA_USAGE = YES_ERROR;
				CLANG_WARN_DOCUMENTATION_COMMENTS = YES;
				CLANG_WARN_EMPTY_BODY = YES;
				CLANG_WARN_ENUM_CONVERSION = YES;
				CLANG_WARN_INFINITE_RECURSION = YES;
				CLANG_WARN_INT_CONVERSION = YES;
				CLANG_WARN_NON_LITERAL_NULL_CONVERSION = YES;
				CLANG_WARN_OBJC_IMPLICIT_RETAIN_SELF = YES;
				CLANG_WARN_OBJC_LITERAL_CONVERSION = YES;
				CLANG_WARN_OBJC_ROOT_CLASS = YES_ERROR;
				CLANG_WARN_RANGE_LOOP_ANALYSIS = YES;
				CLANG_WARN_STRICT_PROTOTYPES = YES;
				CLANG_WARN_SUSPICIOUS_MOVE = YES;
				CLANG_WARN_UNGUARDED_AVAILABILITY = YES_AGGRESSIVE;
				CLANG_WARN_UNREACHABLE_CODE = YES;
				CLANG_WARN__DUPLICATE_METHOD_MATCH = YES;
				CODE_SIGN_IDENTITY = "iPhone Developer";
				COPY_PHASE_STRIP = NO;
				DEBUG_INFORMATION_FORMAT = dwarf;
				ENABLE_STRICT_OBJC_MSGSEND = YES;
				ENABLE_TESTABILITY = YES;
				GCC_C_LANGUAGE_STANDARD = gnu11;
				GCC_DYNAMIC_NO_PIC = NO;
				GCC_NO_COMMON_BLOCKS = YES;
				GCC_OPTIMIZATION_LEVEL = 0;
				GCC_PREPROCESSOR_DEFINITIONS = (
					"DEBUG=1",
					"$(inherited)",
				);
				GCC_WARN_64_TO_32_BIT_CONVERSION = YES;
				GCC_WARN_ABOUT_RETURN_TYPE = YES_ERROR;
				GCC_WARN_UNDECLARED_SELECTOR = YES;
				GCC_WARN_UNINITIALIZED_AUTOS = YES_AGGRESSIVE;
				GCC_WARN_UNUSED_FUNCTION = YES;
				GCC_WARN_UNUSED_VARIABLE = YES;
				IPHONEOS_DEPLOYMENT_TARGET = 12.0;
				MTL_ENABLE_DEBUG_INFO = INCLUDE_SOURCE;
				ONLY_ACTIVE_ARCH = YES;
				SDKROOT = iphoneos;
				SWIFT_ACTIVE_COMPILATION_CONDITIONS = DEBUG;
				SWIFT_OPTIMIZATION_LEVEL = "-Onone";
			};
			name = Debug;
		};
		A83B554420D946E60018CA34 /* Release */ = {
			isa = XCBuildConfiguration;
			buildSettings = {
				ALWAYS_SEARCH_USER_PATHS = NO;
				CLANG_ANALYZER_NONNULL = YES;
				CLANG_ANALYZER_NUMBER_OBJECT_CONVERSION = YES_AGGRESSIVE;
				CLANG_CXX_LANGUAGE_STANDARD = "gnu++14";
				CLANG_CXX_LIBRARY = "libc++";
				CLANG_ENABLE_MODULES = YES;
				CLANG_ENABLE_OBJC_ARC = YES;
				CLANG_ENABLE_OBJC_WEAK = YES;
				CLANG_WARN_BLOCK_CAPTURE_AUTORELEASING = YES;
				CLANG_WARN_BOOL_CONVERSION = YES;
				CLANG_WARN_COMMA = YES;
				CLANG_WARN_CONSTANT_CONVERSION = YES;
				CLANG_WARN_DEPRECATED_OBJC_IMPLEMENTATIONS = YES;
				CLANG_WARN_DIRECT_OBJC_ISA_USAGE = YES_ERROR;
				CLANG_WARN_DOCUMENTATION_COMMENTS = YES;
				CLANG_WARN_EMPTY_BODY = YES;
				CLANG_WARN_ENUM_CONVERSION = YES;
				CLANG_WARN_INFINITE_RECURSION = YES;
				CLANG_WARN_INT_CONVERSION = YES;
				CLANG_WARN_NON_LITERAL_NULL_CONVERSION = YES;
				CLANG_WARN_OBJC_IMPLICIT_RETAIN_SELF = YES;
				CLANG_WARN_OBJC_LITERAL_CONVERSION = YES;
				CLANG_WARN_OBJC_ROOT_CLASS = YES_ERROR;
				CLANG_WARN_RANGE_LOOP_ANALYSIS = YES;
				CLANG_WARN_STRICT_PROTOTYPES = YES;
				CLANG_WARN_SUSPICIOUS_MOVE = YES;
				CLANG_WARN_UNGUARDED_AVAILABILITY = YES_AGGRESSIVE;
				CLANG_WARN_UNREACHABLE_CODE = YES;
				CLANG_WARN__DUPLICATE_METHOD_MATCH = YES;
				CODE_SIGN_IDENTITY = "iPhone Developer";
				COPY_PHASE_STRIP = NO;
				DEBUG_INFORMATION_FORMAT = "dwarf-with-dsym";
				ENABLE_NS_ASSERTIONS = NO;
				ENABLE_STRICT_OBJC_MSGSEND = YES;
				GCC_C_LANGUAGE_STANDARD = gnu11;
				GCC_NO_COMMON_BLOCKS = YES;
				GCC_WARN_64_TO_32_BIT_CONVERSION = YES;
				GCC_WARN_ABOUT_RETURN_TYPE = YES_ERROR;
				GCC_WARN_UNDECLARED_SELECTOR = YES;
				GCC_WARN_UNINITIALIZED_AUTOS = YES_AGGRESSIVE;
				GCC_WARN_UNUSED_FUNCTION = YES;
				GCC_WARN_UNUSED_VARIABLE = YES;
				IPHONEOS_DEPLOYMENT_TARGET = 12.0;
				MTL_ENABLE_DEBUG_INFO = NO;
				SDKROOT = iphoneos;
				SWIFT_COMPILATION_MODE = wholemodule;
				SWIFT_OPTIMIZATION_LEVEL = "-O";
				VALIDATE_PRODUCT = YES;
			};
			name = Release;
		};
		A83B554620D946E60018CA34 /* Debug */ = {
			isa = XCBuildConfiguration;
			baseConfigurationReference = 1A5D288FC933ED10BDFA6A5B /* Pods-ARPOI.debug.xcconfig */;
			buildSettings = {
				ASSETCATALOG_COMPILER_APPICON_NAME = AppIcon;
				CODE_SIGN_STYLE = Automatic;
				DEVELOPMENT_TEAM = RRZGZXLYCL;
				INFOPLIST_FILE = ARPOI/Info.plist;
				LD_RUNPATH_SEARCH_PATHS = (
					"$(inherited)",
					"@executable_path/Frameworks",
				);
				PRODUCT_BUNDLE_IDENTIFIER = com.Deemaze.ARPOI;
				PRODUCT_NAME = "$(TARGET_NAME)";
				SWIFT_VERSION = 4.2;
				TARGETED_DEVICE_FAMILY = "1,2";
			};
			name = Debug;
		};
		A83B554720D946E60018CA34 /* Release */ = {
			isa = XCBuildConfiguration;
			baseConfigurationReference = 13EDFB7546654F3E7809C41B /* Pods-ARPOI.release.xcconfig */;
			buildSettings = {
				ASSETCATALOG_COMPILER_APPICON_NAME = AppIcon;
				CODE_SIGN_STYLE = Automatic;
				DEVELOPMENT_TEAM = RRZGZXLYCL;
				INFOPLIST_FILE = ARPOI/Info.plist;
				LD_RUNPATH_SEARCH_PATHS = (
					"$(inherited)",
					"@executable_path/Frameworks",
				);
				PRODUCT_BUNDLE_IDENTIFIER = com.Deemaze.ARPOI;
				PRODUCT_NAME = "$(TARGET_NAME)";
				SWIFT_VERSION = 4.2;
				TARGETED_DEVICE_FAMILY = "1,2";
			};
			name = Release;
		};
/* End XCBuildConfiguration section */

/* Begin XCConfigurationList section */
		A83B552C20D946E50018CA34 /* Build configuration list for PBXProject "ARPOI" */ = {
			isa = XCConfigurationList;
			buildConfigurations = (
				A83B554320D946E60018CA34 /* Debug */,
				A83B554420D946E60018CA34 /* Release */,
			);
			defaultConfigurationIsVisible = 0;
			defaultConfigurationName = Release;
		};
		A83B554520D946E60018CA34 /* Build configuration list for PBXNativeTarget "ARPOI" */ = {
			isa = XCConfigurationList;
			buildConfigurations = (
				A83B554620D946E60018CA34 /* Debug */,
				A83B554720D946E60018CA34 /* Release */,
			);
			defaultConfigurationIsVisible = 0;
			defaultConfigurationName = Release;
		};
/* End XCConfigurationList section */
	};
	rootObject = A83B552920D946E50018CA34 /* Project object */;
}
